# guts-rootwrap command filters for migration nodes
# This file should be owned by (and only-writeable by) the root user

[Filters]
# guts/migration/driver.py: 'dd', 'if=%s' % srcstr, 'of=%s' % deststr,...
dd: CommandFilter, dd, root
mkdir: CommandFilter, mkdir, root
qemu-img: CommandFilter, qemu-img, root
env: CommandFilter, env, root
